schema: '2.0'
stages:
  load_data:
    cmd: python src/load_data.py
    deps:
    - path: src/load_data.py
      hash: md5
      md5: b1cc18baea1257f3fbfb0aa9c771ed42
      size: 227
    outs:
    - path: output/data.pkl
      hash: md5
      md5: 35353c71da0985eed8bb507bbc53bd91
      size: 54950285
  train:
    cmd: python src/train.py
    deps:
    - path: output/data.pkl
      hash: md5
      md5: 35353c71da0985eed8bb507bbc53bd91
      size: 54950285
    - path: src/train.py
      hash: md5
      md5: bc569a7cd1e1aa6f4b999c560e88b9b1
      size: 3331
    params:
      params.yaml:
        train.batch_size: 128
        train.dropout: 0.45
        train.hidden_units: 64
        train.lr: 0.001
        train.num_epochs: 2
    outs:
    - path: dvclive/metrics.json
      hash: md5
      md5: db13b05243ad59a03d4f8f8d812445df
      size: 54
    - path: dvclive/plots/metrics/accuracy.tsv
      hash: md5
      md5: 77a7026f16526e96cd26f1ab9edd6b3d
      size: 56
    - path: output/myfmmodel.keras
      hash: md5
      md5: ab4601ecafefcb4dca27a0fc2c15baf9
      size: 3681312
    - path: output/myfmmodel.tar.gz
      hash: md5
      md5: 4db82c8d39e1ccf5a7fd64a58f82ec11
      size: 3378668
    - path: output/train_logs.csv
      hash: md5
      md5: 822e749d10c369cc467d8981d0361a42
      size: 100
  evaluate:
    cmd: python src/evaluate.py
    deps:
    - path: output/data.pkl
      hash: md5
      md5: 35353c71da0985eed8bb507bbc53bd91
      size: 54950285
    - path: output/myfmmodel.keras
      hash: md5
      md5: ab4601ecafefcb4dca27a0fc2c15baf9
      size: 3681312
    - path: src/evaluate.py
      hash: md5
      md5: d55658c1947e760905f8784a695033b4
      size: 2983
    outs:
    - path: output/metrics.json
      hash: md5
      md5: be2c1c86da485c77f3e63fd175b15de7
      size: 61
    - path: output/predictions.json
      hash: md5
      md5: feab826d9113679077f9316cf36fe5f9
      size: 310000
    - path: output/test/samples_of_mispredicted_images/
      hash: md5
      md5: a4256cc9bbd4c4f31f3c46ef20811a92.dir
      size: 176144
      nfiles: 10
