schema: '2.0'
stages:
  load_data:
    cmd: python src/load_data.py
    deps:
    - path: src/load_data.py
      hash: md5
      md5: b1cc18baea1257f3fbfb0aa9c771ed42
      size: 227
    outs:
    - path: output/data.pkl
      hash: md5
      md5: 35353c71da0985eed8bb507bbc53bd91
      size: 54950285
  train:
    cmd: python src/train.py
    deps:
    - path: output/data.pkl
      hash: md5
      md5: 35353c71da0985eed8bb507bbc53bd91
      size: 54950285
    - path: src/train.py
      hash: md5
      md5: bc569a7cd1e1aa6f4b999c560e88b9b1
      size: 3331
    params:
      params.yaml:
        train.batch_size: 128
        train.dropout: 0.45
        train.hidden_units: 128
        train.lr: 0.001
        train.num_epochs: 2
    outs:
    - path: dvclive/metrics.json
      hash: md5
      md5: 218889181d5a6cf91632653406b27cf8
      size: 54
    - path: dvclive/plots/metrics/accuracy.tsv
      hash: md5
      md5: 35de6e677fc803e8daf4393c17cdf240
      size: 56
    - path: output/myfmmodel.keras
      hash: md5
      md5: aef0b45165cac18c629e7ae92308c009
      size: 7324888
    - path: output/myfmmodel.tar.gz
      hash: md5
      md5: f4676b6a775bf79f456680fd42de235f
      size: 6754518
    - path: output/train_logs.csv
      hash: md5
      md5: 540870a9e477ed42a156f84684fe899f
      size: 101
  evaluate:
    cmd: python src/evaluate.py
    deps:
    - path: output/data.pkl
      hash: md5
      md5: 35353c71da0985eed8bb507bbc53bd91
      size: 54950285
    - path: output/myfmmodel.keras
      hash: md5
      md5: aef0b45165cac18c629e7ae92308c009
      size: 7324888
    - path: src/evaluate.py
      hash: md5
      md5: d55658c1947e760905f8784a695033b4
      size: 2983
    outs:
    - path: output/metrics.json
      hash: md5
      md5: 423d418d3df35d13a9b1f4f46653ca41
      size: 60
    - path: output/predictions.json
      hash: md5
      md5: f50d27c5ab1fde74f98825ff684faa87
      size: 310000
    - path: output/test/samples_of_mispredicted_images/
      hash: md5
      md5: 1d6a190f6f6545c98abd36248e44ec30.dir
      size: 175648
      nfiles: 10
